// !$*UTF8*$!
{
	archiveVersion = 1;
	classes = {
	};
	objectVersion = 54;
	objects = {

/* Begin PBXBuildFile section */
		1E0C76B5C2098AADC0F2F6C6 /* MenuBarView.swift in Sources */ = {isa = PBXBuildFile; fileRef = 379C2139BE569AD5A4688BD8 /* MenuBarView.swift */; };
		4EEE3065DC4E58BA85856E82 /* LaunchAtLogin.swift in Sources */ = {isa = PBXBuildFile; fileRef = 2F2E56D6D5345AC8992823A9 /* LaunchAtLogin.swift */; };
		89E237AF98BF5DE694F950FC /* ClaudeMeterApp.swift in Sources */ = {isa = PBXBuildFile; fileRef = 48181134F280608665A6EE78 /* ClaudeMeterApp.swift */; };
		A18C0C8DA6E3291CE25E5C44 /* Assets.xcassets in Resources */ = {isa = PBXBuildFile; fileRef = 56104AF94F812F494F711A65 /* Assets.xcassets */; };
		B497877445ECA08C123934BB /* UsageManager.swift in Sources */ = {isa = PBXBuildFile; fileRef = 0BEB25741A41D31C8D8F2E8D /* UsageManager.swift */; };
		CAAEC7176A46F5828BE74FFE /* KeychainService.swift in Sources */ = {isa = PBXBuildFile; fileRef = 62D098E34DA9FCB0CE6F13D2 /* KeychainService.swift */; };
		D7537A09F5B3C86E955C5FBC /* AnthropicAPIClient.swift in Sources */ = {isa = PBXBuildFile; fileRef = 4093ED2A8CCE0860E047E11C /* AnthropicAPIClient.swift */; };
		FAECDBAA6604112E064428EE /* UsageData.swift in Sources */ = {isa = PBXBuildFile; fileRef = F6618D5C5B27A22D2756C3B5 /* UsageData.swift */; };
		FC84F405F546B65531B5C758 /* NotificationManager.swift in Sources */ = {isa = PBXBuildFile; fileRef = 29A4B277F6876D04C92FBA4B /* NotificationManager.swift */; };
/* End PBXBuildFile section */

/* Begin PBXFileReference section */
		0BEB25741A41D31C8D8F2E8D /* UsageManager.swift */ = {isa = PBXFileReference; lastKnownFileType = sourcecode.swift; path = UsageManager.swift; sourceTree = "<group>"; };
		29A4B277F6876D04C92FBA4B /* NotificationManager.swift */ = {isa = PBXFileReference; lastKnownFileType = sourcecode.swift; path = NotificationManager.swift; sourceTree = "<group>"; };
		2F2E56D6D5345AC8992823A9 /* LaunchAtLogin.swift */ = {isa = PBXFileReference; lastKnownFileType = sourcecode.swift; path = LaunchAtLogin.swift; sourceTree = "<group>"; };
		379C2139BE569AD5A4688BD8 /* MenuBarView.swift */ = {isa = PBXFileReference; lastKnownFileType = sourcecode.swift; path = MenuBarView.swift; sourceTree = "<group>"; };
		4093ED2A8CCE0860E047E11C /* AnthropicAPIClient.swift */ = {isa = PBXFileReference; lastKnownFileType = sourcecode.swift; path = AnthropicAPIClient.swift; sourceTree = "<group>"; };
		48181134F280608665A6EE78 /* ClaudeMeterApp.swift */ = {isa = PBXFileReference; lastKnownFileType = sourcecode.swift; path = ClaudeMeterApp.swift; sourceTree = "<group>"; };
		56104AF94F812F494F711A65 /* Assets.xcassets */ = {isa = PBXFileReference; lastKnownFileType = folder.assetcatalog; path = Assets.xcassets; sourceTree = "<group>"; };
		62D098E34DA9FCB0CE6F13D2 /* KeychainService.swift */ = {isa = PBXFileReference; lastKnownFileType = sourcecode.swift; path = KeychainService.swift; sourceTree = "<group>"; };
		6C9490E456192838C4B1CD6F /* ClaudeMeter.app */ = {isa = PBXFileReference; explicitFileType = wrapper.application; includeInIndex = 0; path = ClaudeMeter.app; sourceTree = BUILT_PRODUCTS_DIR; };
		7BFED2E9A70A1756048EDF2A /* ClaudeMeter.entitlements */ = {isa = PBXFileReference; lastKnownFileType = text.plist.entitlements; path = ClaudeMeter.entitlements; sourceTree = "<group>"; };
		E780403D2E726AC1D4D1E979 /* Info.plist */ = {isa = PBXFileReference; lastKnownFileType = text.plist; path = Info.plist; sourceTree = "<group>"; };
		F6618D5C5B27A22D2756C3B5 /* UsageData.swift */ = {isa = PBXFileReference; lastKnownFileType = sourcecode.swift; path = UsageData.swift; sourceTree = "<group>"; };
/* End PBXFileReference section */

/* Begin PBXGroup section */
		1D312F776D8A985FEFD43C1F /* ClaudeMeter */ = {
			isa = PBXGroup;
			children = (
				56104AF94F812F494F711A65 /* Assets.xcassets */,
				7BFED2E9A70A1756048EDF2A /* ClaudeMeter.entitlements */,
				48181134F280608665A6EE78 /* ClaudeMeterApp.swift */,
				E780403D2E726AC1D4D1E979 /* Info.plist */,
				A45F29704C57B20B428C17F6 /* Models */,
				FAADD3C63A34A192C9B097B6 /* Services */,
				A999363A3DB0208F532089E3 /* Views */,
			);
			path = ClaudeMeter;
			sourceTree = "<group>";
		};
		32D1FC8C8BE43F56225492DF = {
			isa = PBXGroup;
			children = (
				1D312F776D8A985FEFD43C1F /* ClaudeMeter */,
				331A46C41F4E380E6CF782FD /* Products */,
			);
			sourceTree = "<group>";
		};
		331A46C41F4E380E6CF782FD /* Products */ = {
			isa = PBXGroup;
			children = (
				6C9490E456192838C4B1CD6F /* ClaudeMeter.app */,
			);
			name = Products;
			sourceTree = "<group>";
		};
		A45F29704C57B20B428C17F6 /* Models */ = {
			isa = PBXGroup;
			children = (
				F6618D5C5B27A22D2756C3B5 /* UsageData.swift */,
			);
			path = Models;
			sourceTree = "<group>";
		};
		A999363A3DB0208F532089E3 /* Views */ = {
			isa = PBXGroup;
			children = (
				379C2139BE569AD5A4688BD8 /* MenuBarView.swift */,
			);
			path = Views;
			sourceTree = "<group>";
		};
		FAADD3C63A34A192C9B097B6 /* Services */ = {
			isa = PBXGroup;
			children = (
				4093ED2A8CCE0860E047E11C /* AnthropicAPIClient.swift */,
				62D098E34DA9FCB0CE6F13D2 /* KeychainService.swift */,
				2F2E56D6D5345AC8992823A9 /* LaunchAtLogin.swift */,
				29A4B277F6876D04C92FBA4B /* NotificationManager.swift */,
				0BEB25741A41D31C8D8F2E8D /* UsageManager.swift */,
			);
			path = Services;
			sourceTree = "<group>";
		};
/* End PBXGroup section */

/* Begin PBXNativeTarget section */
		FBDC3702D0CEB4E44FD3C0D3 /* ClaudeMeter */ = {
			isa = PBXNativeTarget;
			buildConfigurationList = DC06EBEC9FE1CDEE4E36C305 /* Build configuration list for PBXNativeTarget "ClaudeMeter" */;
			buildPhases = (
				3DD1255A9DBD30BAB485CD8F /* Sources */,
				E3ACD70A0C364BE15F235401 /* Resources */,
			);
			buildRules = (
			);
			dependencies = (
			);
			name = ClaudeMeter;
			productName = ClaudeMeter;
			productReference = 6C9490E456192838C4B1CD6F /* ClaudeMeter.app */;
			productType = "com.apple.product-type.application";
		};
/* End PBXNativeTarget section */

/* Begin PBXProject section */
		1CD3EBDBD9DA2FDEDE87ECC3 /* Project object */ = {
			isa = PBXProject;
			attributes = {
				BuildIndependentTargetsInParallel = YES;
				LastUpgradeCheck = 1500;
				TargetAttributes = {
					FBDC3702D0CEB4E44FD3C0D3 = {
						ProvisioningStyle = Automatic;
					};
				};
			};
			buildConfigurationList = 893C17FCD2953E3AAA513340 /* Build configuration list for PBXProject "ClaudeMeter" */;
			compatibilityVersion = "Xcode 14.0";
			developmentRegion = en;
			hasScannedForEncodings = 0;
			knownRegions = (
				Base,
				en,
			);
			mainGroup = 32D1FC8C8BE43F56225492DF;
			projectDirPath = "";
			projectRoot = "";
			targets = (
				FBDC3702D0CEB4E44FD3C0D3 /* ClaudeMeter */,
			);
		};
/* End PBXProject section */

/* Begin PBXResourcesBuildPhase section */
		E3ACD70A0C364BE15F235401 /* Resources */ = {
			isa = PBXResourcesBuildPhase;
			buildActionMask = 2147483647;
			files = (
				A18C0C8DA6E3291CE25E5C44 /* Assets.xcassets in Resources */,
			);
			runOnlyForDeploymentPostprocessing = 0;
		};
/* End PBXResourcesBuildPhase section */

/* Begin PBXSourcesBuildPhase section */
		3DD1255A9DBD30BAB485CD8F /* Sources */ = {
			isa = PBXSourcesBuildPhase;
			buildActionMask = 2147483647;
			files = (
				D7537A09F5B3C86E955C5FBC /* AnthropicAPIClient.swift in Sources */,
				89E237AF98BF5DE694F950FC /* ClaudeMeterApp.swift in Sources */,
				CAAEC7176A46F5828BE74FFE /* KeychainService.swift in Sources */,
				4EEE3065DC4E58BA85856E82 /* LaunchAtLogin.swift in Sources */,
				1E0C76B5C2098AADC0F2F6C6 /* MenuBarView.swift in Sources */,
				FC84F405F546B65531B5C758 /* NotificationManager.swift in Sources */,
				FAECDBAA6604112E064428EE /* UsageData.swift in Sources */,
				B497877445ECA08C123934BB /* UsageManager.swift in Sources */,
			);
			runOnlyForDeploymentPostprocessing = 0;
		};
/* End PBXSourcesBuildPhase section */

/* Begin XCBuildConfiguration section */
		08DA39EAD254B3F28851CABD /* Debug */ = {
			isa = XCBuildConfiguration;
			buildSettings = {
				ASSETCATALOG_COMPILER_APPICON_NAME = AppIcon;
				CODE_SIGN_ENTITLEMENTS = ClaudeMeter/ClaudeMeter.entitlements;
				CODE_SIGN_STYLE = Automatic;
				COMBINE_HIDPI_IMAGES = YES;
				ENABLE_HARDENED_RUNTIME = YES;
				INFOPLIST_FILE = ClaudeMeter/Info.plist;
				LD_RUNPATH_SEARCH_PATHS = (
					"$(inherited)",
					"@executable_path/../Frameworks",
				);
				PRODUCT_BUNDLE_IDENTIFIER = com.francisbrero.ClaudeMeter;
				SDKROOT = macosx;
			};
			name = Debug;
		};
		42AE97CEA17534BA4FFDFA00 /* Release */ = {
			isa = XCBuildConfiguration;
			buildSettings = {
				ALWAYS_SEARCH_USER_PATHS = NO;
				CLANG_ANALYZER_NONNULL = YES;
				CLANG_ANALYZER_NUMBER_OBJECT_CONVERSION = YES_AGGRESSIVE;
				CLANG_CXX_LANGUAGE_STANDARD = "gnu++14";
				CLANG_CXX_LIBRARY = "libc++";
				CLANG_ENABLE_MODULES = YES;
				CLANG_ENABLE_OBJC_ARC = YES;
				CLANG_ENABLE_OBJC_WEAK = YES;
				CLANG_WARN_BLOCK_CAPTURE_AUTORELEASING = YES;
				CLANG_WARN_BOOL_CONVERSION = YES;
				CLANG_WARN_COMMA = YES;
				CLANG_WARN_CONSTANT_CONVERSION = YES;
				CLANG_WARN_DEPRECATED_OBJC_IMPLEMENTATIONS = YES;
				CLANG_WARN_DIRECT_OBJC_ISA_USAGE = YES_ERROR;
				CLANG_WARN_DOCUMENTATION_COMMENTS = YES;
				CLANG_WARN_EMPTY_BODY = YES;
				CLANG_WARN_ENUM_CONVERSION = YES;
				CLANG_WARN_INFINITE_RECURSION = YES;
				CLANG_WARN_INT_CONVERSION = YES;
				CLANG_WARN_NON_LITERAL_NULL_CONVERSION = YES;
				CLANG_WARN_OBJC_IMPLICIT_RETAIN_SELF = YES;
				CLANG_WARN_OBJC_LITERAL_CONVERSION = YES;
				CLANG_WARN_OBJC_ROOT_CLASS = YES_ERROR;
				CLANG_WARN_QUOTED_INCLUDE_IN_FRAMEWORK_HEADER = YES;
				CLANG_WARN_RANGE_LOOP_ANALYSIS = YES;
				CLANG_WARN_STRICT_PROTOTYPES = YES;
				CLANG_WARN_SUSPICIOUS_MOVE = YES;
				CLANG_WARN_UNGUARDED_AVAILABILITY = YES_AGGRESSIVE;
				CLANG_WARN_UNREACHABLE_CODE = YES;
				CLANG_WARN__DUPLICATE_METHOD_MATCH = YES;
				COPY_PHASE_STRIP = NO;
				CURRENT_PROJECT_VERSION = 1;
				DEBUG_INFORMATION_FORMAT = "dwarf-with-dsym";
				ENABLE_NS_ASSERTIONS = NO;
				ENABLE_STRICT_OBJC_MSGSEND = YES;
				GCC_C_LANGUAGE_STANDARD = gnu11;
				GCC_NO_COMMON_BLOCKS = YES;
				GCC_WARN_64_TO_32_BIT_CONVERSION = YES;
				GCC_WARN_ABOUT_RETURN_TYPE = YES_ERROR;
				GCC_WARN_UNDECLARED_SELECTOR = YES;
				GCC_WARN_UNINITIALIZED_AUTOS = YES_AGGRESSIVE;
				GCC_WARN_UNUSED_FUNCTION = YES;
				GCC_WARN_UNUSED_VARIABLE = YES;
				MACOSX_DEPLOYMENT_TARGET = 13.0;
				MARKETING_VERSION = 1.0;
				MTL_ENABLE_DEBUG_INFO = NO;
				MTL_FAST_MATH = YES;
				PRODUCT_NAME = "$(TARGET_NAME)";
				SDKROOT = macosx;
				SWIFT_COMPILATION_MODE = wholemodule;
				SWIFT_OPTIMIZATION_LEVEL = "-O";
				SWIFT_VERSION = 5;
			};
			name = Release;
		};
		4721C66322E8BEADB3A35226 /* Debug */ = {
			isa = XCBuildConfiguration;
			buildSettings = {
				ALWAYS_SEARCH_USER_PATHS = NO;
				CLANG_ANALYZER_NONNULL = YES;
				CLANG_ANALYZER_NUMBER_OBJECT_CONVERSION = YES_AGGRESSIVE;
				CLANG_CXX_LANGUAGE_STANDARD = "gnu++14";
				CLANG_CXX_LIBRARY = "libc++";
				CLANG_ENABLE_MODULES = YES;
				CLANG_ENABLE_OBJC_ARC = YES;
				CLANG_ENABLE_OBJC_WEAK = YES;
				CLANG_WARN_BLOCK_CAPTURE_AUTORELEASING = YES;
				CLANG_WARN_BOOL_CONVERSION = YES;
				CLANG_WARN_COMMA = YES;
				CLANG_WARN_CONSTANT_CONVERSION = YES;
				CLANG_WARN_DEPRECATED_OBJC_IMPLEMENTATIONS = YES;
				CLANG_WARN_DIRECT_OBJC_ISA_USAGE = YES_ERROR;
				CLANG_WARN_DOCUMENTATION_COMMENTS = YES;
				CLANG_WARN_EMPTY_BODY = YES;
				CLANG_WARN_ENUM_CONVERSION = YES;
				CLANG_WARN_INFINITE_RECURSION = YES;
				CLANG_WARN_INT_CONVERSION = YES;
				CLANG_WARN_NON_LITERAL_NULL_CONVERSION = YES;
				CLANG_WARN_OBJC_IMPLICIT_RETAIN_SELF = YES;
				CLANG_WARN_OBJC_LITERAL_CONVERSION = YES;
				CLANG_WARN_OBJC_ROOT_CLASS = YES_ERROR;
				CLANG_WARN_QUOTED_INCLUDE_IN_FRAMEWORK_HEADER = YES;
				CLANG_WARN_RANGE_LOOP_ANALYSIS = YES;
				CLANG_WARN_STRICT_PROTOTYPES = YES;
				CLANG_WARN_SUSPICIOUS_MOVE = YES;
				CLANG_WARN_UNGUARDED_AVAILABILITY = YES_AGGRESSIVE;
				CLANG_WARN_UNREACHABLE_CODE = YES;
				CLANG_WARN__DUPLICATE_METHOD_MATCH = YES;
				COPY_PHASE_STRIP = NO;
				CURRENT_PROJECT_VERSION = 1;
				DEBUG_INFORMATION_FORMAT = dwarf;
				ENABLE_STRICT_OBJC_MSGSEND = YES;
				ENABLE_TESTABILITY = YES;
				GCC_C_LANGUAGE_STANDARD = gnu11;
				GCC_DYNAMIC_NO_PIC = NO;
				GCC_NO_COMMON_BLOCKS = YES;
				GCC_OPTIMIZATION_LEVEL = 0;
				GCC_PREPROCESSOR_DEFINITIONS = (
					"$(inherited)",
					"DEBUG=1",
				);
				GCC_WARN_64_TO_32_BIT_CONVERSION = YES;
				GCC_WARN_ABOUT_RETURN_TYPE = YES_ERROR;
				GCC_WARN_UNDECLARED_SELECTOR = YES;
				GCC_WARN_UNINITIALIZED_AUTOS = YES_AGGRESSIVE;
				GCC_WARN_UNUSED_FUNCTION = YES;
				GCC_WARN_UNUSED_VARIABLE = YES;
				MACOSX_DEPLOYMENT_TARGET = 13.0;
				MARKETING_VERSION = 1.0;
				MTL_ENABLE_DEBUG_INFO = INCLUDE_SOURCE;
				MTL_FAST_MATH = YES;
				ONLY_ACTIVE_ARCH = YES;
				PRODUCT_NAME = "$(TARGET_NAME)";
				SDKROOT = macosx;
				SWIFT_ACTIVE_COMPILATION_CONDITIONS = DEBUG;
				SWIFT_OPTIMIZATION_LEVEL = "-Onone";
				SWIFT_VERSION = 5;
			};
			name = Debug;
		};
		AD0159638061130C2F79339A /* Release */ = {
			isa = XCBuildConfiguration;
			buildSettings = {
				ASSETCATALOG_COMPILER_APPICON_NAME = AppIcon;
				CODE_SIGN_ENTITLEMENTS = ClaudeMeter/ClaudeMeter.entitlements;
				CODE_SIGN_STYLE = Automatic;
				COMBINE_HIDPI_IMAGES = YES;
				ENABLE_HARDENED_RUNTIME = YES;
				INFOPLIST_FILE = ClaudeMeter/Info.plist;
				LD_RUNPATH_SEARCH_PATHS = (
					"$(inherited)",
					"@executable_path/../Frameworks",
				);
				PRODUCT_BUNDLE_IDENTIFIER = com.francisbrero.ClaudeMeter;
				SDKROOT = macosx;
			};
			name = Release;
		};
/* End XCBuildConfiguration section */

/* Begin XCConfigurationList section */
		893C17FCD2953E3AAA513340 /* Build configuration list for PBXProject "ClaudeMeter" */ = {
			isa = XCConfigurationList;
			buildConfigurations = (
				4721C66322E8BEADB3A35226 /* Debug */,
				42AE97CEA17534BA4FFDFA00 /* Release */,
			);
			defaultConfigurationIsVisible = 0;
			defaultConfigurationName = Debug;
		};
		DC06EBEC9FE1CDEE4E36C305 /* Build configuration list for PBXNativeTarget "ClaudeMeter" */ = {
			isa = XCConfigurationList;
			buildConfigurations = (
				08DA39EAD254B3F28851CABD /* Debug */,
				AD0159638061130C2F79339A /* Release */,
			);
			defaultConfigurationIsVisible = 0;
			defaultConfigurationName = Debug;
		};
/* End XCConfigurationList section */
	};
	rootObject = 1CD3EBDBD9DA2FDEDE87ECC3 /* Project object */;
}
